
Microsoft Visual Studio Solution File, Format Version 12.00
# Visual Studio Version 17
VisualStudioVersion = 17.9.34622.214
MinimumVisualStudioVersion = 10.0.40219.1
Project("{9A19103F-16F7-4668-BE54-9A1E7A4F7556}") = "TCPChatServer", "TCPChatServer\TCPChatServer.csproj", "{CD9DFE84-559B-42A6-ACDD-9ADE6D2ABA95}"
EndProject
Project("{FAE04EC0-301F-11D3-BF4B-00C04F79EFBC}") = "TCPChatClient", "TCPClientForm\TCPChatClient.csproj", "{EFF42093-5746-45F6-AE13-05ABFEFC3C91}"
EndProject
Global
	GlobalSection(SolutionConfigurationPlatforms) = preSolution
		Debug|Any CPU = Debug|Any CPU
		Release|Any CPU = Release|Any CPU
	EndGlobalSection
	GlobalSection(ProjectConfigurationPlatforms) = postSolution
		{CD9DFE84-559B-42A6-ACDD-9ADE6D2ABA95}.Debug|Any CPU.ActiveCfg = Debug|Any CPU
		{CD9DFE84-559B-42A6-ACDD-9ADE6D2ABA95}.Debug|Any CPU.Build.0 = Debug|Any CPU
		{CD9DFE84-559B-42A6-ACDD-9ADE6D2ABA95}.Release|Any CPU.ActiveCfg = Release|Any CPU
		{CD9DFE84-559B-42A6-ACDD-9ADE6D2ABA95}.Release|Any CPU.Build.0 = Release|Any CPU
		{EFF42093-5746-45F6-AE13-05ABFEFC3C91}.Debug|Any CPU.ActiveCfg = Debug|Any CPU
		{EFF42093-5746-45F6-AE13-05ABFEFC3C91}.Debug|Any CPU.Build.0 = Debug|Any CPU
		{EFF42093-5746-45F6-AE13-05ABFEFC3C91}.Release|Any CPU.ActiveCfg = Release|Any CPU
		{EFF42093-5746-45F6-AE13-05ABFEFC3C91}.Release|Any CPU.Build.0 = Release|Any CPU
	EndGlobalSection
	GlobalSection(SolutionProperties) = preSolution
		HideSolutionNode = FALSE
	EndGlobalSection
	GlobalSection(ExtensibilityGlobals) = postSolution
		SolutionGuid = {8B1F1FA7-A0F4-4E26-9FCF-A6E56C449935}
	EndGlobalSection
EndGlobal
